{
  "name": "mdb-standard-app",
  "version": "7.2.0",
  "lockfileVersion": 3,
  "requires": true,
  "packages": {
    "": {
      "name": "mdb-standard-app",
      "version": "7.2.0",
      "license": "SEE LICENSE IN <License.txt>",
      "dependencies": {
        "simple-keyboard": "^3.7.77"
      }
    },
    "node_modules/simple-keyboard": {
      "version": "3.7.77",
      "resolved": "https://registry.npmjs.org/simple-keyboard/-/simple-keyboard-3.7.77.tgz",
      "integrity": "sha512-5Nsm4uawCEkIAciHxQi0lbUxCNLh5QSDl4XAeGOzx+nk6T/29xGFwRRrLXgWpV1niH2oI1LX7jeC089LYZmj+w=="
    }
  }
}
